{
  "name": "app",
  "version": "1.0.0",
  "lockfileVersion": 3,
  "requires": true,
  "packages": {
    "": {
      "name": "app",
      "version": "1.0.0",
      "license": "ISC",
      "workspaces": [
        "packages/client",
        "packages/server",
        "packages/shared",
        "packages/types"
      ]
    },
    "node_modules/@app/client": {
      "resolved": "packages/client",
      "link": true
    },
    "node_modules/@app/server": {
      "resolved": "packages/server",
      "link": true
    },
    "node_modules/@app/shared": {
      "resolved": "packages/shared",
      "link": true
    },
    "node_modules/@app/types": {
      "resolved": "packages/types",
      "link": true
    },
    "packages/client": {
      "name": "@app/client",
      "version": "1.0.0",
      "license": "ISC",
      "dependencies": {
        "@app/shared": "1.0.0",
        "@app/types": "1.0.0"
      }
    },
    "packages/server": {
      "name": "@app/server",
      "version": "1.0.0",
      "license": "ISC",
      "dependencies": {
        "@app/shared": "1.0.0",
        "@app/types": "1.0.0"
      },
      "devDependencies": {}
    },
    "packages/shared": {
      "name": "@app/shared",
      "version": "1.0.0",
      "license": "ISC",
      "dependencies": {
        "@app/types": "1.0.0"
      },
      "devDependencies": {}
    },
    "packages/types": {
      "name": "@app/types",
      "version": "1.0.0",
      "license": "ISC",
      "devDependencies": {}
    }
  }
}
